Microsoft Visual Studio Solution File, Format Version 12.00
# Visual Studio Version 17
VisualStudioVersion = 17.0.31912.0
MinimumVisualStudioVersion = 10.0.40219.1
Project("{FAE04EC0-BAB2-4B18-A35B-9B99AFC6E474}") = "AURA.App", "AURA.App\AURA.App.csproj", "{D4E8E8FA-8D4A-4C4C-9DA2-4D22E5C40398}"
EndProject
Global
	GlobalSection(SolutionConfigurationPlatforms) = preSolution
		Debug|Any CPU = Debug|Any CPU
		Release|Any CPU = Release|Any CPU
	EndGlobalSection
	GlobalSection(ProjectConfigurationPlatforms) = postSolution
		{D4E8E8FA-8D4A-4C4C-9DA2-4D22E5C40398}.Debug|Any CPU.ActiveCfg = Debug|Any CPU
		{D4E8E8FA-8D4A-4C4C-9DA2-4D22E5C40398}.Debug|Any CPU.Build.0 = Debug|Any CPU
		{D4E8E8FA-8D4A-4C4C-9DA2-4D22E5C40398}.Release|Any CPU.ActiveCfg = Release|Any CPU
		{D4E8E8FA-8D4A-4C4C-9DA2-4D22E5C40398}.Release|Any CPU.Build.0 = Release|Any CPU
	EndGlobalSection
	GlobalSection(SolutionProperties) = preSolution
		HideSolutionNode = FALSE
	EndGlobalSection
EndGlobal
